// !$*UTF8*$!
{
	archiveVersion = 1;
	classes = {
	};
	objectVersion = 46;
	objects = {

/* Begin PBXBuildFile section */
		2C075C761F5340C900E15692 /* AppDelegate.swift in Sources */ = {isa = PBXBuildFile; fileRef = 2C075C751F5340C900E15692 /* AppDelegate.swift */; };
		2C075C781F5340C900E15692 /* ViewController.swift in Sources */ = {isa = PBXBuildFile; fileRef = 2C075C771F5340C900E15692 /* ViewController.swift */; };
		2C075C7B1F5340C900E15692 /* Main.storyboard in Resources */ = {isa = PBXBuildFile; fileRef = 2C075C791F5340C900E15692 /* Main.storyboard */; };
		2C075C7D1F5340C900E15692 /* Assets.xcassets in Resources */ = {isa = PBXBuildFile; fileRef = 2C075C7C1F5340C900E15692 /* Assets.xcassets */; };
		2C075C801F5340C900E15692 /* LaunchScreen.storyboard in Resources */ = {isa = PBXBuildFile; fileRef = 2C075C7E1F5340C900E15692 /* LaunchScreen.storyboard */; };
		2C9437A81F54C67F00BE16FF /* BaseViewController.swift in Sources */ = {isa = PBXBuildFile; fileRef = 2C9437A71F54C67F00BE16FF /* BaseViewController.swift */; };
/* End PBXBuildFile section */

/* Begin PBXFileReference section */
		2C075C721F5340C900E15692 /* StarkillerStore.app */ = {isa = PBXFileReference; explicitFileType = wrapper.application; includeInIndex = 0; path = StarkillerStore.app; sourceTree = BUILT_PRODUCTS_DIR; };
		2C075C751F5340C900E15692 /* AppDelegate.swift */ = {isa = PBXFileReference; lastKnownFileType = sourcecode.swift; path = AppDelegate.swift; sourceTree = "<group>"; };
		2C075C771F5340C900E15692 /* ViewController.swift */ = {isa = PBXFileReference; lastKnownFileType = sourcecode.swift; path = ViewController.swift; sourceTree = "<group>"; };
		2C075C7A1F5340C900E15692 /* Base */ = {isa = PBXFileReference; lastKnownFileType = file.storyboard; name = Base; path = Base.lproj/Main.storyboard; sourceTree = "<group>"; };
		2C075C7C1F5340C900E15692 /* Assets.xcassets */ = {isa = PBXFileReference; lastKnownFileType = folder.assetcatalog; path = Assets.xcassets; sourceTree = "<group>"; };
		2C075C7F1F5340C900E15692 /* Base */ = {isa = PBXFileReference; lastKnownFileType = file.storyboard; name = Base; path = Base.lproj/LaunchScreen.storyboard; sourceTree = "<group>"; };
		2C075C811F5340C900E15692 /* Info.plist */ = {isa = PBXFileReference; lastKnownFileType = text.plist.xml; path = Info.plist; sourceTree = "<group>"; };
		2C9437A71F54C67F00BE16FF /* BaseViewController.swift */ = {isa = PBXFileReference; fileEncoding = 4; lastKnownFileType = sourcecode.swift; path = BaseViewController.swift; sourceTree = "<group>"; };
/* End PBXFileReference section */

/* Begin PBXFrameworksBuildPhase section */
		2C075C6F1F5340C800E15692 /* Frameworks */ = {
			isa = PBXFrameworksBuildPhase;
			buildActionMask = 2147483647;
			files = (
			);
			runOnlyForDeploymentPostprocessing = 0;
		};
/* End PBXFrameworksBuildPhase section */

/* Begin PBXGroup section */
		2C075C691F5340C800E15692 = {
			isa = PBXGroup;
			children = (
				2C075C731F5340C900E15692 /* Products */,
				2C075C741F5340C900E15692 /* StarkillerStore */,
			);
			sourceTree = "<group>";
		};
		2C075C731F5340C900E15692 /* Products */ = {
			isa = PBXGroup;
			children = (
				2C075C721F5340C900E15692 /* StarkillerStore.app */,
			);
			name = Products;
			sourceTree = "<group>";
		};
		2C075C741F5340C900E15692 /* StarkillerStore */ = {
			isa = PBXGroup;
			children = (
				2C075C751F5340C900E15692 /* AppDelegate.swift */,
				2C075C7C1F5340C900E15692 /* Assets.xcassets */,
				2C9437A71F54C67F00BE16FF /* BaseViewController.swift */,
				2C075C811F5340C900E15692 /* Info.plist */,
				2C075C7E1F5340C900E15692 /* LaunchScreen.storyboard */,
				2C075C791F5340C900E15692 /* Main.storyboard */,
				2C075C771F5340C900E15692 /* ViewController.swift */,
			);
			path = StarkillerStore;
			sourceTree = "<group>";
		};
/* End PBXGroup section */

/* Begin PBXNativeTarget section */
		2C075C711F5340C800E15692 /* StarkillerStore */ = {
			isa = PBXNativeTarget;
			buildConfigurationList = 2C075C841F5340C900E15692 /* Build configuration list for PBXNativeTarget "StarkillerStore" */;
			buildPhases = (
				2C075C6E1F5340C800E15692 /* Sources */,
				2C075C6F1F5340C800E15692 /* Frameworks */,
				2C075C701F5340C800E15692 /* Resources */,
			);
			buildRules = (
			);
			dependencies = (
			);
			name = StarkillerStore;
			productName = StarkillerStore;
			productReference = 2C075C721F5340C900E15692 /* StarkillerStore.app */;
			productType = "com.apple.product-type.application";
		};
/* End PBXNativeTarget section */

/* Begin PBXProject section */
		2C075C6A1F5340C800E15692 /* Project object */ = {
			isa = PBXProject;
			attributes = {
				LastSwiftUpdateCheck = 0830;
				LastUpgradeCheck = 0830;
				TargetAttributes = {
					2C075C711F5340C800E15692 = {
						CreatedOnToolsVersion = 8.3.3;
						DevelopmentTeam = HATQPXT843;
						ProvisioningStyle = Automatic;
					};
				};
			};
			buildConfigurationList = 2C075C6D1F5340C800E15692 /* Build configuration list for PBXProject "StarkillerStore" */;
			compatibilityVersion = "Xcode 3.2";
			developmentRegion = English;
			hasScannedForEncodings = 0;
			knownRegions = (
				en,
				Base,
			);
			mainGroup = 2C075C691F5340C800E15692;
			productRefGroup = 2C075C731F5340C900E15692 /* Products */;
			projectDirPath = "";
			projectRoot = "";
			targets = (
				2C075C711F5340C800E15692 /* StarkillerStore */,
			);
		};
/* End PBXProject section */

/* Begin PBXResourcesBuildPhase section */
		2C075C701F5340C800E15692 /* Resources */ = {
			isa = PBXResourcesBuildPhase;
			buildActionMask = 2147483647;
			files = (
				2C075C801F5340C900E15692 /* LaunchScreen.storyboard in Resources */,
				2C075C7D1F5340C900E15692 /* Assets.xcassets in Resources */,
				2C075C7B1F5340C900E15692 /* Main.storyboard in Resources */,
			);
			runOnlyForDeploymentPostprocessing = 0;
		};
/* End PBXResourcesBuildPhase section */

/* Begin PBXSourcesBuildPhase section */
		2C075C6E1F5340C800E15692 /* Sources */ = {
			isa = PBXSourcesBuildPhase;
			buildActionMask = 2147483647;
			files = (
				2C075C781F5340C900E15692 /* ViewController.swift in Sources */,
				2C075C761F5340C900E15692 /* AppDelegate.swift in Sources */,
				2C9437A81F54C67F00BE16FF /* BaseViewController.swift in Sources */,
			);
			runOnlyForDeploymentPostprocessing = 0;
		};
/* End PBXSourcesBuildPhase section */

/* Begin PBXVariantGroup section */
		2C075C791F5340C900E15692 /* Main.storyboard */ = {
			isa = PBXVariantGroup;
			children = (
				2C075C7A1F5340C900E15692 /* Base */,
			);
			name = Main.storyboard;
			path = .;
			sourceTree = "<group>";
		};
		2C075C7E1F5340C900E15692 /* LaunchScreen.storyboard */ = {
			isa = PBXVariantGroup;
			children = (
				2C075C7F1F5340C900E15692 /* Base */,
			);
			name = LaunchScreen.storyboard;
			path = .;
			sourceTree = "<group>";
		};
/* End PBXVariantGroup section */

/* Begin XCBuildConfiguration section */
		2C075C821F5340C900E15692 /* Debug */ = {
			isa = XCBuildConfiguration;
			buildSettings = {
				ALWAYS_SEARCH_USER_PATHS = NO;
				CLANG_ANALYZER_NONNULL = YES;
				CLANG_ANALYZER_NUMBER_OBJECT_CONVERSION = YES_AGGRESSIVE;
				CLANG_CXX_LANGUAGE_STANDARD = "gnu++0x";
				CLANG_CXX_LIBRARY = "libc++";
				CLANG_ENABLE_MODULES = YES;
				CLANG_ENABLE_OBJC_ARC = YES;
				CLANG_WARN_BOOL_CONVERSION = YES;
				CLANG_WARN_CONSTANT_CONVERSION = YES;
				CLANG_WARN_DIRECT_OBJC_ISA_USAGE = YES_ERROR;
				CLANG_WARN_DOCUMENTATION_COMMENTS = YES;
				CLANG_WARN_EMPTY_BODY = YES;
				CLANG_WARN_ENUM_CONVERSION = YES;
				CLANG_WARN_INFINITE_RECURSION = YES;
				CLANG_WARN_INT_CONVERSION = YES;
				CLANG_WARN_OBJC_ROOT_CLASS = YES_ERROR;
				CLANG_WARN_SUSPICIOUS_MOVE = YES;
				CLANG_WARN_UNREACHABLE_CODE = YES;
				CLANG_WARN__DUPLICATE_METHOD_MATCH = YES;
				"CODE_SIGN_IDENTITY[sdk=iphoneos*]" = "iPhone Developer";
				COPY_PHASE_STRIP = NO;
				DEBUG_INFORMATION_FORMAT = dwarf;
				ENABLE_STRICT_OBJC_MSGSEND = YES;
				ENABLE_TESTABILITY = YES;
				GCC_C_LANGUAGE_STANDARD = gnu99;
				GCC_DYNAMIC_NO_PIC = NO;
				GCC_NO_COMMON_BLOCKS = YES;
				GCC_OPTIMIZATION_LEVEL = 0;
				GCC_PREPROCESSOR_DEFINITIONS = (
					"DEBUG=1",
					"$(inherited)",
				);
				GCC_WARN_64_TO_32_BIT_CONVERSION = YES;
				GCC_WARN_ABOUT_RETURN_TYPE = YES_ERROR;
				GCC_WARN_UNDECLARED_SELECTOR = YES;
				GCC_WARN_UNINITIALIZED_AUTOS = YES_AGGRESSIVE;
				GCC_WARN_UNUSED_FUNCTION = YES;
				GCC_WARN_UNUSED_VARIABLE = YES;
				IPHONEOS_DEPLOYMENT_TARGET = 10.3;
				MTL_ENABLE_DEBUG_INFO = YES;
				ONLY_ACTIVE_ARCH = YES;
				SDKROOT = iphoneos;
				SWIFT_ACTIVE_COMPILATION_CONDITIONS = DEBUG;
				SWIFT_OPTIMIZATION_LEVEL = "-Onone";
				TARGETED_DEVICE_FAMILY = "1,2";
			};
			name = Debug;
		};
		2C075C831F5340C900E15692 /* Release */ = {
			isa = XCBuildConfiguration;
			buildSettings = {
				ALWAYS_SEARCH_USER_PATHS = NO;
				CLANG_ANALYZER_NONNULL = YES;
				CLANG_ANALYZER_NUMBER_OBJECT_CONVERSION = YES_AGGRESSIVE;
				CLANG_CXX_LANGUAGE_STANDARD = "gnu++0x";
				CLANG_CXX_LIBRARY = "libc++";
				CLANG_ENABLE_MODULES = YES;
				CLANG_ENABLE_OBJC_ARC = YES;
				CLANG_WARN_BOOL_CONVERSION = YES;
				CLANG_WARN_CONSTANT_CONVERSION = YES;
				CLANG_WARN_DIRECT_OBJC_ISA_USAGE = YES_ERROR;
				CLANG_WARN_DOCUMENTATION_COMMENTS = YES;
				CLANG_WARN_EMPTY_BODY = YES;
				CLANG_WARN_ENUM_CONVERSION = YES;
				CLANG_WARN_INFINITE_RECURSION = YES;
				CLANG_WARN_INT_CONVERSION = YES;
				CLANG_WARN_OBJC_ROOT_CLASS = YES_ERROR;
				CLANG_WARN_SUSPICIOUS_MOVE = YES;
				CLANG_WARN_UNREACHABLE_CODE = YES;
				CLANG_WARN__DUPLICATE_METHOD_MATCH = YES;
				"CODE_SIGN_IDENTITY[sdk=iphoneos*]" = "iPhone Developer";
				COPY_PHASE_STRIP = NO;
				DEBUG_INFORMATION_FORMAT = "dwarf-with-dsym";
				ENABLE_NS_ASSERTIONS = NO;
				ENABLE_STRICT_OBJC_MSGSEND = YES;
				GCC_C_LANGUAGE_STANDARD = gnu99;
				GCC_NO_COMMON_BLOCKS = YES;
				GCC_WARN_64_TO_32_BIT_CONVERSION = YES;
				GCC_WARN_ABOUT_RETURN_TYPE = YES_ERROR;
				GCC_WARN_UNDECLARED_SELECTOR = YES;
				GCC_WARN_UNINITIALIZED_AUTOS = YES_AGGRESSIVE;
				GCC_WARN_UNUSED_FUNCTION = YES;
				GCC_WARN_UNUSED_VARIABLE = YES;
				IPHONEOS_DEPLOYMENT_TARGET = 10.3;
				MTL_ENABLE_DEBUG_INFO = NO;
				SDKROOT = iphoneos;
				SWIFT_OPTIMIZATION_LEVEL = "-Owholemodule";
				TARGETED_DEVICE_FAMILY = "1,2";
				VALIDATE_PRODUCT = YES;
			};
			name = Release;
		};
		2C075C851F5340C900E15692 /* Debug */ = {
			isa = XCBuildConfiguration;
			buildSettings = {
				ASSETCATALOG_COMPILER_APPICON_NAME = AppIcon;
				DEVELOPMENT_TEAM = HATQPXT843;
				INFOPLIST_FILE = StarkillerStore/Info.plist;
				LD_RUNPATH_SEARCH_PATHS = "$(inherited) @executable_path/Frameworks";
				PRODUCT_BUNDLE_IDENTIFIER = com.bferrari.StarkillerStore;
				PRODUCT_NAME = "$(TARGET_NAME)";
				SWIFT_VERSION = 3.0;
			};
			name = Debug;
		};
		2C075C861F5340C900E15692 /* Release */ = {
			isa = XCBuildConfiguration;
			buildSettings = {
				ASSETCATALOG_COMPILER_APPICON_NAME = AppIcon;
				DEVELOPMENT_TEAM = HATQPXT843;
				INFOPLIST_FILE = StarkillerStore/Info.plist;
				LD_RUNPATH_SEARCH_PATHS = "$(inherited) @executable_path/Frameworks";
				PRODUCT_BUNDLE_IDENTIFIER = com.bferrari.StarkillerStore;
				PRODUCT_NAME = "$(TARGET_NAME)";
				SWIFT_VERSION = 3.0;
			};
			name = Release;
		};
/* End XCBuildConfiguration section */

/* Begin XCConfigurationList section */
		2C075C6D1F5340C800E15692 /* Build configuration list for PBXProject "StarkillerStore" */ = {
			isa = XCConfigurationList;
			buildConfigurations = (
				2C075C821F5340C900E15692 /* Debug */,
				2C075C831F5340C900E15692 /* Release */,
			);
			defaultConfigurationIsVisible = 0;
			defaultConfigurationName = Release;
		};
		2C075C841F5340C900E15692 /* Build configuration list for PBXNativeTarget "StarkillerStore" */ = {
			isa = XCConfigurationList;
			buildConfigurations = (
				2C075C851F5340C900E15692 /* Debug */,
				2C075C861F5340C900E15692 /* Release */,
			);
			defaultConfigurationIsVisible = 0;
			defaultConfigurationName = Release;
		};
/* End XCConfigurationList section */
	};
	rootObject = 2C075C6A1F5340C800E15692 /* Project object */;
}
